
Microsoft Visual Studio Solution File, Format Version 12.00
# Visual Studio Version 16
VisualStudioVersion = 16.0.31702.278
MinimumVisualStudioVersion = 10.0.40219.1
Project("{9A19103F-16F7-4668-BE54-9A1E7A4F7556}") = "PZ_6", "PZ_6\PZ_6.csproj", "{222157EE-DFBF-4DB1-BB13-E25EC0E0A92D}"
EndProject
Project("{9A19103F-16F7-4668-BE54-9A1E7A4F7556}") = "PZ_5", "PZ_5\PZ_5.csproj", "{AE1E171E-3E44-49B8-88E4-1FA1A63B724D}"
EndProject
Project("{9A19103F-16F7-4668-BE54-9A1E7A4F7556}") = "PZ_8", "PZ_8\PZ_8.csproj", "{6458CDDE-D7AC-4A80-B9BE-DEAAAC2A17E6}"
EndProject
Project("{9A19103F-16F7-4668-BE54-9A1E7A4F7556}") = "PZ_9", "PZ_9\PZ_9.csproj", "{EC93F1AC-2260-45EF-A9BA-C35D364E6E4A}"
EndProject
Project("{9A19103F-16F7-4668-BE54-9A1E7A4F7556}") = "PZ_10", "PZ_10\PZ_10.csproj", "{F17D45C1-66C7-4A98-A2A7-06AE0DD60191}"
EndProject
Project("{9A19103F-16F7-4668-BE54-9A1E7A4F7556}") = "PZ_regular", "PZ_regular\PZ_regular.csproj", "{494620D0-4836-4AE1-82B2-5FBD04BD412B}"
EndProject
Project("{9A19103F-16F7-4668-BE54-9A1E7A4F7556}") = "PZ_2.3", "PZ_2.3\PZ_2.3.csproj", "{644CA8A2-A60C-4288-B658-1BB0A5459C24}"
EndProject
Project("{FAE04EC0-301F-11D3-BF4B-00C04F79EFBC}") = "PZ_2.4", "PZ_2.4\PZ_2.4.csproj", "{DB0356EE-5295-4EF5-B5E7-F113EC6CE380}"
EndProject
Global
	GlobalSection(SolutionConfigurationPlatforms) = preSolution
		Debug|Any CPU = Debug|Any CPU
		Release|Any CPU = Release|Any CPU
	EndGlobalSection
	GlobalSection(ProjectConfigurationPlatforms) = postSolution
		{222157EE-DFBF-4DB1-BB13-E25EC0E0A92D}.Debug|Any CPU.ActiveCfg = Debug|Any CPU
		{222157EE-DFBF-4DB1-BB13-E25EC0E0A92D}.Debug|Any CPU.Build.0 = Debug|Any CPU
		{222157EE-DFBF-4DB1-BB13-E25EC0E0A92D}.Release|Any CPU.ActiveCfg = Release|Any CPU
		{222157EE-DFBF-4DB1-BB13-E25EC0E0A92D}.Release|Any CPU.Build.0 = Release|Any CPU
		{AE1E171E-3E44-49B8-88E4-1FA1A63B724D}.Debug|Any CPU.ActiveCfg = Debug|Any CPU
		{AE1E171E-3E44-49B8-88E4-1FA1A63B724D}.Debug|Any CPU.Build.0 = Debug|Any CPU
		{AE1E171E-3E44-49B8-88E4-1FA1A63B724D}.Release|Any CPU.ActiveCfg = Release|Any CPU
		{AE1E171E-3E44-49B8-88E4-1FA1A63B724D}.Release|Any CPU.Build.0 = Release|Any CPU
		{6458CDDE-D7AC-4A80-B9BE-DEAAAC2A17E6}.Debug|Any CPU.ActiveCfg = Debug|Any CPU
		{6458CDDE-D7AC-4A80-B9BE-DEAAAC2A17E6}.Debug|Any CPU.Build.0 = Debug|Any CPU
		{6458CDDE-D7AC-4A80-B9BE-DEAAAC2A17E6}.Release|Any CPU.ActiveCfg = Release|Any CPU
		{6458CDDE-D7AC-4A80-B9BE-DEAAAC2A17E6}.Release|Any CPU.Build.0 = Release|Any CPU
		{EC93F1AC-2260-45EF-A9BA-C35D364E6E4A}.Debug|Any CPU.ActiveCfg = Debug|Any CPU
		{EC93F1AC-2260-45EF-A9BA-C35D364E6E4A}.Debug|Any CPU.Build.0 = Debug|Any CPU
		{EC93F1AC-2260-45EF-A9BA-C35D364E6E4A}.Release|Any CPU.ActiveCfg = Release|Any CPU
		{EC93F1AC-2260-45EF-A9BA-C35D364E6E4A}.Release|Any CPU.Build.0 = Release|Any CPU
		{F17D45C1-66C7-4A98-A2A7-06AE0DD60191}.Debug|Any CPU.ActiveCfg = Debug|Any CPU
		{F17D45C1-66C7-4A98-A2A7-06AE0DD60191}.Debug|Any CPU.Build.0 = Debug|Any CPU
		{F17D45C1-66C7-4A98-A2A7-06AE0DD60191}.Release|Any CPU.ActiveCfg = Release|Any CPU
		{F17D45C1-66C7-4A98-A2A7-06AE0DD60191}.Release|Any CPU.Build.0 = Release|Any CPU
		{494620D0-4836-4AE1-82B2-5FBD04BD412B}.Debug|Any CPU.ActiveCfg = Debug|Any CPU
		{494620D0-4836-4AE1-82B2-5FBD04BD412B}.Debug|Any CPU.Build.0 = Debug|Any CPU
		{494620D0-4836-4AE1-82B2-5FBD04BD412B}.Release|Any CPU.ActiveCfg = Release|Any CPU
		{494620D0-4836-4AE1-82B2-5FBD04BD412B}.Release|Any CPU.Build.0 = Release|Any CPU
		{644CA8A2-A60C-4288-B658-1BB0A5459C24}.Debug|Any CPU.ActiveCfg = Debug|Any CPU
		{644CA8A2-A60C-4288-B658-1BB0A5459C24}.Debug|Any CPU.Build.0 = Debug|Any CPU
		{644CA8A2-A60C-4288-B658-1BB0A5459C24}.Release|Any CPU.ActiveCfg = Release|Any CPU
		{644CA8A2-A60C-4288-B658-1BB0A5459C24}.Release|Any CPU.Build.0 = Release|Any CPU
		{DB0356EE-5295-4EF5-B5E7-F113EC6CE380}.Debug|Any CPU.ActiveCfg = Debug|Any CPU
		{DB0356EE-5295-4EF5-B5E7-F113EC6CE380}.Debug|Any CPU.Build.0 = Debug|Any CPU
		{DB0356EE-5295-4EF5-B5E7-F113EC6CE380}.Release|Any CPU.ActiveCfg = Release|Any CPU
		{DB0356EE-5295-4EF5-B5E7-F113EC6CE380}.Release|Any CPU.Build.0 = Release|Any CPU
	EndGlobalSection
	GlobalSection(SolutionProperties) = preSolution
		HideSolutionNode = FALSE
	EndGlobalSection
	GlobalSection(ExtensibilityGlobals) = postSolution
		SolutionGuid = {01A00EF7-5FB2-456B-AF8F-3F28E60B5C32}
	EndGlobalSection
EndGlobal
