
Microsoft Visual Studio Solution File, Format Version 12.00
# Visual Studio Version 16
VisualStudioVersion = 16.0.31702.278
MinimumVisualStudioVersion = 10.0.40219.1
Project("{9A19103F-16F7-4668-BE54-9A1E7A4F7556}") = "PZ_2.3", "PZ_2.3\PZ_2.3.csproj", "{644CA8A2-A60C-4288-B658-1BB0A5459C24}"
EndProject
Project("{9A19103F-16F7-4668-BE54-9A1E7A4F7556}") = "PZ_2.4", "PZ_2.4\PZ_2.4.csproj", "{DB0356EE-5295-4EF5-B5E7-F113EC6CE380}"
EndProject
Project("{FAE04EC0-301F-11D3-BF4B-00C04F79EFBC}") = "PZ_2.5", "PZ_2.5\PZ_2.5.csproj", "{F0957594-3637-43C4-8613-63D7B9581C9C}"
EndProject
Global
	GlobalSection(SolutionConfigurationPlatforms) = preSolution
		Debug|Any CPU = Debug|Any CPU
		Release|Any CPU = Release|Any CPU
	EndGlobalSection
	GlobalSection(ProjectConfigurationPlatforms) = postSolution
		{644CA8A2-A60C-4288-B658-1BB0A5459C24}.Debug|Any CPU.ActiveCfg = Debug|Any CPU
		{644CA8A2-A60C-4288-B658-1BB0A5459C24}.Debug|Any CPU.Build.0 = Debug|Any CPU
		{644CA8A2-A60C-4288-B658-1BB0A5459C24}.Release|Any CPU.ActiveCfg = Release|Any CPU
		{644CA8A2-A60C-4288-B658-1BB0A5459C24}.Release|Any CPU.Build.0 = Release|Any CPU
		{DB0356EE-5295-4EF5-B5E7-F113EC6CE380}.Debug|Any CPU.ActiveCfg = Debug|Any CPU
		{DB0356EE-5295-4EF5-B5E7-F113EC6CE380}.Debug|Any CPU.Build.0 = Debug|Any CPU
		{DB0356EE-5295-4EF5-B5E7-F113EC6CE380}.Release|Any CPU.ActiveCfg = Release|Any CPU
		{DB0356EE-5295-4EF5-B5E7-F113EC6CE380}.Release|Any CPU.Build.0 = Release|Any CPU
		{F0957594-3637-43C4-8613-63D7B9581C9C}.Debug|Any CPU.ActiveCfg = Debug|Any CPU
		{F0957594-3637-43C4-8613-63D7B9581C9C}.Debug|Any CPU.Build.0 = Debug|Any CPU
		{F0957594-3637-43C4-8613-63D7B9581C9C}.Release|Any CPU.ActiveCfg = Release|Any CPU
		{F0957594-3637-43C4-8613-63D7B9581C9C}.Release|Any CPU.Build.0 = Release|Any CPU
	EndGlobalSection
	GlobalSection(SolutionProperties) = preSolution
		HideSolutionNode = FALSE
	EndGlobalSection
	GlobalSection(ExtensibilityGlobals) = postSolution
		SolutionGuid = {01A00EF7-5FB2-456B-AF8F-3F28E60B5C32}
	EndGlobalSection
EndGlobal
